
Microsoft Visual Studio Solution File, Format Version 12.00
# Visual Studio Version 17
VisualStudioVersion = 17.7.34003.232
MinimumVisualStudioVersion = 10.0.40219.1
Project("{9A19103F-16F7-4668-BE54-9A1E7A4F7556}") = "BooksLibrary.Model", "BooksLibrary.Model\BooksLibrary.Model.csproj", "{F9BE5860-F83C-421C-BF47-AA6B3C3C835B}"
EndProject
Project("{FAE04EC0-301F-11D3-BF4B-00C04F79EFBC}") = "BooksLibrary.Api", "BooksLibrary.Api\BooksLibrary.Api.csproj", "{F9DC22F7-AF99-4DD4-87C1-BC797CEDAD04}"
EndProject
Global
	GlobalSection(SolutionConfigurationPlatforms) = preSolution
		Debug|Any CPU = Debug|Any CPU
		Release|Any CPU = Release|Any CPU
	EndGlobalSection
	GlobalSection(ProjectConfigurationPlatforms) = postSolution
		{F9BE5860-F83C-421C-BF47-AA6B3C3C835B}.Debug|Any CPU.ActiveCfg = Debug|Any CPU
		{F9BE5860-F83C-421C-BF47-AA6B3C3C835B}.Debug|Any CPU.Build.0 = Debug|Any CPU
		{F9BE5860-F83C-421C-BF47-AA6B3C3C835B}.Release|Any CPU.ActiveCfg = Release|Any CPU
		{F9BE5860-F83C-421C-BF47-AA6B3C3C835B}.Release|Any CPU.Build.0 = Release|Any CPU
		{F9DC22F7-AF99-4DD4-87C1-BC797CEDAD04}.Debug|Any CPU.ActiveCfg = Debug|Any CPU
		{F9DC22F7-AF99-4DD4-87C1-BC797CEDAD04}.Debug|Any CPU.Build.0 = Debug|Any CPU
		{F9DC22F7-AF99-4DD4-87C1-BC797CEDAD04}.Release|Any CPU.ActiveCfg = Release|Any CPU
		{F9DC22F7-AF99-4DD4-87C1-BC797CEDAD04}.Release|Any CPU.Build.0 = Release|Any CPU
	EndGlobalSection
	GlobalSection(SolutionProperties) = preSolution
		HideSolutionNode = FALSE
	EndGlobalSection
	GlobalSection(ExtensibilityGlobals) = postSolution
		SolutionGuid = {FBE8BF24-7B79-496D-AAC0-F26944C76A9C}
	EndGlobalSection
EndGlobal
